
Microsoft Visual Studio Solution File, Format Version 12.00
# Visual Studio Version 17
VisualStudioVersion = 17.9.34728.123
MinimumVisualStudioVersion = 10.0.40219.1
Project("{FAE04EC0-301F-11D3-BF4B-00C04F79EFBC}") = "CIS262AD_Final_Project", "CIS262AD_Final_Project\CIS262AD_Final_Project.csproj", "{808001D7-E52E-4628-AFD1-CB7A219113A5}"
EndProject
Project("{FAE04EC0-301F-11D3-BF4B-00C04F79EFBC}") = "School.Dal", "School.Dal\School.Dal.csproj", "{3A53298C-6C07-4EFA-844F-5667653CFB56}"
EndProject
Project("{FAE04EC0-301F-11D3-BF4B-00C04F79EFBC}") = "School.Test", "School.Test\School.Test.csproj", "{665955C3-5ED9-404A-96EC-308A035FDDDD}"
EndProject
Global
	GlobalSection(SolutionConfigurationPlatforms) = preSolution
		Debug|Any CPU = Debug|Any CPU
		Release|Any CPU = Release|Any CPU
	EndGlobalSection
	GlobalSection(ProjectConfigurationPlatforms) = postSolution
		{808001D7-E52E-4628-AFD1-CB7A219113A5}.Debug|Any CPU.ActiveCfg = Debug|Any CPU
		{808001D7-E52E-4628-AFD1-CB7A219113A5}.Debug|Any CPU.Build.0 = Debug|Any CPU
		{808001D7-E52E-4628-AFD1-CB7A219113A5}.Release|Any CPU.ActiveCfg = Release|Any CPU
		{808001D7-E52E-4628-AFD1-CB7A219113A5}.Release|Any CPU.Build.0 = Release|Any CPU
		{3A53298C-6C07-4EFA-844F-5667653CFB56}.Debug|Any CPU.ActiveCfg = Debug|Any CPU
		{3A53298C-6C07-4EFA-844F-5667653CFB56}.Debug|Any CPU.Build.0 = Debug|Any CPU
		{3A53298C-6C07-4EFA-844F-5667653CFB56}.Release|Any CPU.ActiveCfg = Release|Any CPU
		{3A53298C-6C07-4EFA-844F-5667653CFB56}.Release|Any CPU.Build.0 = Release|Any CPU
		{665955C3-5ED9-404A-96EC-308A035FDDDD}.Debug|Any CPU.ActiveCfg = Debug|Any CPU
		{665955C3-5ED9-404A-96EC-308A035FDDDD}.Debug|Any CPU.Build.0 = Debug|Any CPU
		{665955C3-5ED9-404A-96EC-308A035FDDDD}.Release|Any CPU.ActiveCfg = Release|Any CPU
		{665955C3-5ED9-404A-96EC-308A035FDDDD}.Release|Any CPU.Build.0 = Release|Any CPU
	EndGlobalSection
	GlobalSection(SolutionProperties) = preSolution
		HideSolutionNode = FALSE
	EndGlobalSection
	GlobalSection(ExtensibilityGlobals) = postSolution
		SolutionGuid = {6502C697-FC7F-4E8C-BBB5-679E6E3C8DE9}
	EndGlobalSection
EndGlobal
